
Microsoft Visual Studio Solution File, Format Version 12.00
# Visual Studio Version 17
VisualStudioVersion = 17.14.36623.8 d17.14
MinimumVisualStudioVersion = 10.0.40219.1
Project("{FAE04EC0-301F-11D3-BF4B-00C04F79EFBC}") = "Journal Entry Task", "Journal Entry Task.csproj", "{7FD5ED8E-49D7-475A-AFF4-61E1958A8C1F}"
EndProject
Global
	GlobalSection(SolutionConfigurationPlatforms) = preSolution
		Debug|Any CPU = Debug|Any CPU
		Release|Any CPU = Release|Any CPU
	EndGlobalSection
	GlobalSection(ProjectConfigurationPlatforms) = postSolution
		{7FD5ED8E-49D7-475A-AFF4-61E1958A8C1F}.Debug|Any CPU.ActiveCfg = Debug|Any CPU
		{7FD5ED8E-49D7-475A-AFF4-61E1958A8C1F}.Debug|Any CPU.Build.0 = Debug|Any CPU
		{7FD5ED8E-49D7-475A-AFF4-61E1958A8C1F}.Release|Any CPU.ActiveCfg = Release|Any CPU
		{7FD5ED8E-49D7-475A-AFF4-61E1958A8C1F}.Release|Any CPU.Build.0 = Release|Any CPU
	EndGlobalSection
	GlobalSection(SolutionProperties) = preSolution
		HideSolutionNode = FALSE
	EndGlobalSection
	GlobalSection(ExtensibilityGlobals) = postSolution
		SolutionGuid = {72EDAC48-5296-45AE-8909-6867CA128A73}
	EndGlobalSection
EndGlobal
